// !$*UTF8*$!
{
	archiveVersion = 1;
	classes = {
	};
	objectVersion = 50;
	objects = {

/* Begin PBXBuildFile section */
		645DBBA425D6AD9800102515 /* AppDelegate.swift in Sources */ = {isa = PBXBuildFile; fileRef = 645DBBA325D6AD9800102515 /* AppDelegate.swift */; };
		645DBBA625D6AD9800102515 /* SceneDelegate.swift in Sources */ = {isa = PBXBuildFile; fileRef = 645DBBA525D6AD9800102515 /* SceneDelegate.swift */; };
		645DBBA825D6AD9800102515 /* ContentView.swift in Sources */ = {isa = PBXBuildFile; fileRef = 645DBBA725D6AD9800102515 /* ContentView.swift */; };
		645DBBAA25D6AD9900102515 /* Assets.xcassets in Resources */ = {isa = PBXBuildFile; fileRef = 645DBBA925D6AD9900102515 /* Assets.xcassets */; };
		645DBBAD25D6AD9900102515 /* Preview Assets.xcassets in Resources */ = {isa = PBXBuildFile; fileRef = 645DBBAC25D6AD9900102515 /* Preview Assets.xcassets */; };
		645DBBB025D6AD9900102515 /* LaunchScreen.storyboard in Resources */ = {isa = PBXBuildFile; fileRef = 645DBBAE25D6AD9900102515 /* LaunchScreen.storyboard */; };
/* End PBXBuildFile section */

/* Begin PBXFileReference section */
		645DBBA025D6AD9800102515 /* DesignedMenu.app */ = {isa = PBXFileReference; explicitFileType = wrapper.application; includeInIndex = 0; path = DesignedMenu.app; sourceTree = BUILT_PRODUCTS_DIR; };
		645DBBA325D6AD9800102515 /* AppDelegate.swift */ = {isa = PBXFileReference; lastKnownFileType = sourcecode.swift; path = AppDelegate.swift; sourceTree = "<group>"; };
		645DBBA525D6AD9800102515 /* SceneDelegate.swift */ = {isa = PBXFileReference; lastKnownFileType = sourcecode.swift; path = SceneDelegate.swift; sourceTree = "<group>"; };
		645DBBA725D6AD9800102515 /* ContentView.swift */ = {isa = PBXFileReference; lastKnownFileType = sourcecode.swift; path = ContentView.swift; sourceTree = "<group>"; };
		645DBBA925D6AD9900102515 /* Assets.xcassets */ = {isa = PBXFileReference; lastKnownFileType = folder.assetcatalog; path = Assets.xcassets; sourceTree = "<group>"; };
		645DBBAC25D6AD9900102515 /* Preview Assets.xcassets */ = {isa = PBXFileReference; lastKnownFileType = folder.assetcatalog; path = "Preview Assets.xcassets"; sourceTree = "<group>"; };
		645DBBAF25D6AD9900102515 /* Base */ = {isa = PBXFileReference; lastKnownFileType = file.storyboard; name = Base; path = Base.lproj/LaunchScreen.storyboard; sourceTree = "<group>"; };
		645DBBB125D6AD9900102515 /* Info.plist */ = {isa = PBXFileReference; lastKnownFileType = text.plist.xml; path = Info.plist; sourceTree = "<group>"; };
/* End PBXFileReference section */

/* Begin PBXFrameworksBuildPhase section */
		645DBB9D25D6AD9800102515 /* Frameworks */ = {
			isa = PBXFrameworksBuildPhase;
			buildActionMask = 2147483647;
			files = (
			);
			runOnlyForDeploymentPostprocessing = 0;
		};
/* End PBXFrameworksBuildPhase section */

/* Begin PBXGroup section */
		645DBB9725D6AD9800102515 = {
			isa = PBXGroup;
			children = (
				645DBBA225D6AD9800102515 /* DesignedMenu */,
				645DBBA125D6AD9800102515 /* Products */,
			);
			sourceTree = "<group>";
		};
		645DBBA125D6AD9800102515 /* Products */ = {
			isa = PBXGroup;
			children = (
				645DBBA025D6AD9800102515 /* DesignedMenu.app */,
			);
			name = Products;
			sourceTree = "<group>";
		};
		645DBBA225D6AD9800102515 /* DesignedMenu */ = {
			isa = PBXGroup;
			children = (
				645DBBA325D6AD9800102515 /* AppDelegate.swift */,
				645DBBA525D6AD9800102515 /* SceneDelegate.swift */,
				645DBBA725D6AD9800102515 /* ContentView.swift */,
				645DBBA925D6AD9900102515 /* Assets.xcassets */,
				645DBBAE25D6AD9900102515 /* LaunchScreen.storyboard */,
				645DBBB125D6AD9900102515 /* Info.plist */,
				645DBBAB25D6AD9900102515 /* Preview Content */,
			);
			path = DesignedMenu;
			sourceTree = "<group>";
		};
		645DBBAB25D6AD9900102515 /* Preview Content */ = {
			isa = PBXGroup;
			children = (
				645DBBAC25D6AD9900102515 /* Preview Assets.xcassets */,
			);
			path = "Preview Content";
			sourceTree = "<group>";
		};
/* End PBXGroup section */

/* Begin PBXNativeTarget section */
		645DBB9F25D6AD9800102515 /* DesignedMenu */ = {
			isa = PBXNativeTarget;
			buildConfigurationList = 645DBBB425D6AD9900102515 /* Build configuration list for PBXNativeTarget "DesignedMenu" */;
			buildPhases = (
				645DBB9C25D6AD9800102515 /* Sources */,
				645DBB9D25D6AD9800102515 /* Frameworks */,
				645DBB9E25D6AD9800102515 /* Resources */,
			);
			buildRules = (
			);
			dependencies = (
			);
			name = DesignedMenu;
			productName = DesignedMenu;
			productReference = 645DBBA025D6AD9800102515 /* DesignedMenu.app */;
			productType = "com.apple.product-type.application";
		};
/* End PBXNativeTarget section */

/* Begin PBXProject section */
		645DBB9825D6AD9800102515 /* Project object */ = {
			isa = PBXProject;
			attributes = {
				LastSwiftUpdateCheck = 1240;
				LastUpgradeCheck = 1240;
				TargetAttributes = {
					645DBB9F25D6AD9800102515 = {
						CreatedOnToolsVersion = 12.4;
					};
				};
			};
			buildConfigurationList = 645DBB9B25D6AD9800102515 /* Build configuration list for PBXProject "DesignedMenu" */;
			compatibilityVersion = "Xcode 9.3";
			developmentRegion = en;
			hasScannedForEncodings = 0;
			knownRegions = (
				en,
				Base,
			);
			mainGroup = 645DBB9725D6AD9800102515;
			productRefGroup = 645DBBA125D6AD9800102515 /* Products */;
			projectDirPath = "";
			projectRoot = "";
			targets = (
				645DBB9F25D6AD9800102515 /* DesignedMenu */,
			);
		};
/* End PBXProject section */

/* Begin PBXResourcesBuildPhase section */
		645DBB9E25D6AD9800102515 /* Resources */ = {
			isa = PBXResourcesBuildPhase;
			buildActionMask = 2147483647;
			files = (
				645DBBB025D6AD9900102515 /* LaunchScreen.storyboard in Resources */,
				645DBBAD25D6AD9900102515 /* Preview Assets.xcassets in Resources */,
				645DBBAA25D6AD9900102515 /* Assets.xcassets in Resources */,
			);
			runOnlyForDeploymentPostprocessing = 0;
		};
/* End PBXResourcesBuildPhase section */

/* Begin PBXSourcesBuildPhase section */
		645DBB9C25D6AD9800102515 /* Sources */ = {
			isa = PBXSourcesBuildPhase;
			buildActionMask = 2147483647;
			files = (
				645DBBA425D6AD9800102515 /* AppDelegate.swift in Sources */,
				645DBBA625D6AD9800102515 /* SceneDelegate.swift in Sources */,
				645DBBA825D6AD9800102515 /* ContentView.swift in Sources */,
			);
			runOnlyForDeploymentPostprocessing = 0;
		};
/* End PBXSourcesBuildPhase section */

/* Begin PBXVariantGroup section */
		645DBBAE25D6AD9900102515 /* LaunchScreen.storyboard */ = {
			isa = PBXVariantGroup;
			children = (
				645DBBAF25D6AD9900102515 /* Base */,
			);
			name = LaunchScreen.storyboard;
			sourceTree = "<group>";
		};
/* End PBXVariantGroup section */

/* Begin XCBuildConfiguration section */
		645DBBB225D6AD9900102515 /* Debug */ = {
			isa = XCBuildConfiguration;
			buildSettings = {
				ALWAYS_SEARCH_USER_PATHS = NO;
				CLANG_ANALYZER_NONNULL = YES;
				CLANG_ANALYZER_NUMBER_OBJECT_CONVERSION = YES_AGGRESSIVE;
				CLANG_CXX_LANGUAGE_STANDARD = "gnu++14";
				CLANG_CXX_LIBRARY = "libc++";
				CLANG_ENABLE_MODULES = YES;
				CLANG_ENABLE_OBJC_ARC = YES;
				CLANG_ENABLE_OBJC_WEAK = YES;
				CLANG_WARN_BLOCK_CAPTURE_AUTORELEASING = YES;
				CLANG_WARN_BOOL_CONVERSION = YES;
				CLANG_WARN_COMMA = YES;
				CLANG_WARN_CONSTANT_CONVERSION = YES;
				CLANG_WARN_DEPRECATED_OBJC_IMPLEMENTATIONS = YES;
				CLANG_WARN_DIRECT_OBJC_ISA_USAGE = YES_ERROR;
				CLANG_WARN_DOCUMENTATION_COMMENTS = YES;
				CLANG_WARN_EMPTY_BODY = YES;
				CLANG_WARN_ENUM_CONVERSION = YES;
				CLANG_WARN_INFINITE_RECURSION = YES;
				CLANG_WARN_INT_CONVERSION = YES;
				CLANG_WARN_NON_LITERAL_NULL_CONVERSION = YES;
				CLANG_WARN_OBJC_IMPLICIT_RETAIN_SELF = YES;
				CLANG_WARN_OBJC_LITERAL_CONVERSION = YES;
				CLANG_WARN_OBJC_ROOT_CLASS = YES_ERROR;
				CLANG_WARN_QUOTED_INCLUDE_IN_FRAMEWORK_HEADER = YES;
				CLANG_WARN_RANGE_LOOP_ANALYSIS = YES;
				CLANG_WARN_STRICT_PROTOTYPES = YES;
				CLANG_WARN_SUSPICIOUS_MOVE = YES;
				CLANG_WARN_UNGUARDED_AVAILABILITY = YES_AGGRESSIVE;
				CLANG_WARN_UNREACHABLE_CODE = YES;
				CLANG_WARN__DUPLICATE_METHOD_MATCH = YES;
				COPY_PHASE_STRIP = NO;
				DEBUG_INFORMATION_FORMAT = dwarf;
				ENABLE_STRICT_OBJC_MSGSEND = YES;
				ENABLE_TESTABILITY = YES;
				GCC_C_LANGUAGE_STANDARD = gnu11;
				GCC_DYNAMIC_NO_PIC = NO;
				GCC_NO_COMMON_BLOCKS = YES;
				GCC_OPTIMIZATION_LEVEL = 0;
				GCC_PREPROCESSOR_DEFINITIONS = (
					"DEBUG=1",
					"$(inherited)",
				);
				GCC_WARN_64_TO_32_BIT_CONVERSION = YES;
				GCC_WARN_ABOUT_RETURN_TYPE = YES_ERROR;
				GCC_WARN_UNDECLARED_SELECTOR = YES;
				GCC_WARN_UNINITIALIZED_AUTOS = YES_AGGRESSIVE;
				GCC_WARN_UNUSED_FUNCTION = YES;
				GCC_WARN_UNUSED_VARIABLE = YES;
				IPHONEOS_DEPLOYMENT_TARGET = 14.4;
				MTL_ENABLE_DEBUG_INFO = INCLUDE_SOURCE;
				MTL_FAST_MATH = YES;
				ONLY_ACTIVE_ARCH = YES;
				SDKROOT = iphoneos;
				SWIFT_ACTIVE_COMPILATION_CONDITIONS = DEBUG;
				SWIFT_OPTIMIZATION_LEVEL = "-Onone";
			};
			name = Debug;
		};
		645DBBB325D6AD9900102515 /* Release */ = {
			isa = XCBuildConfiguration;
			buildSettings = {
				ALWAYS_SEARCH_USER_PATHS = NO;
				CLANG_ANALYZER_NONNULL = YES;
				CLANG_ANALYZER_NUMBER_OBJECT_CONVERSION = YES_AGGRESSIVE;
				CLANG_CXX_LANGUAGE_STANDARD = "gnu++14";
				CLANG_CXX_LIBRARY = "libc++";
				CLANG_ENABLE_MODULES = YES;
				CLANG_ENABLE_OBJC_ARC = YES;
				CLANG_ENABLE_OBJC_WEAK = YES;
				CLANG_WARN_BLOCK_CAPTURE_AUTORELEASING = YES;
				CLANG_WARN_BOOL_CONVERSION = YES;
				CLANG_WARN_COMMA = YES;
				CLANG_WARN_CONSTANT_CONVERSION = YES;
				CLANG_WARN_DEPRECATED_OBJC_IMPLEMENTATIONS = YES;
				CLANG_WARN_DIRECT_OBJC_ISA_USAGE = YES_ERROR;
				CLANG_WARN_DOCUMENTATION_COMMENTS = YES;
				CLANG_WARN_EMPTY_BODY = YES;
				CLANG_WARN_ENUM_CONVERSION = YES;
				CLANG_WARN_INFINITE_RECURSION = YES;
				CLANG_WARN_INT_CONVERSION = YES;
				CLANG_WARN_NON_LITERAL_NULL_CONVERSION = YES;
				CLANG_WARN_OBJC_IMPLICIT_RETAIN_SELF = YES;
				CLANG_WARN_OBJC_LITERAL_CONVERSION = YES;
				CLANG_WARN_OBJC_ROOT_CLASS = YES_ERROR;
				CLANG_WARN_QUOTED_INCLUDE_IN_FRAMEWORK_HEADER = YES;
				CLANG_WARN_RANGE_LOOP_ANALYSIS = YES;
				CLANG_WARN_STRICT_PROTOTYPES = YES;
				CLANG_WARN_SUSPICIOUS_MOVE = YES;
				CLANG_WARN_UNGUARDED_AVAILABILITY = YES_AGGRESSIVE;
				CLANG_WARN_UNREACHABLE_CODE = YES;
				CLANG_WARN__DUPLICATE_METHOD_MATCH = YES;
				COPY_PHASE_STRIP = NO;
				DEBUG_INFORMATION_FORMAT = "dwarf-with-dsym";
				ENABLE_NS_ASSERTIONS = NO;
				ENABLE_STRICT_OBJC_MSGSEND = YES;
				GCC_C_LANGUAGE_STANDARD = gnu11;
				GCC_NO_COMMON_BLOCKS = YES;
				GCC_WARN_64_TO_32_BIT_CONVERSION = YES;
				GCC_WARN_ABOUT_RETURN_TYPE = YES_ERROR;
				GCC_WARN_UNDECLARED_SELECTOR = YES;
				GCC_WARN_UNINITIALIZED_AUTOS = YES_AGGRESSIVE;
				GCC_WARN_UNUSED_FUNCTION = YES;
				GCC_WARN_UNUSED_VARIABLE = YES;
				IPHONEOS_DEPLOYMENT_TARGET = 14.4;
				MTL_ENABLE_DEBUG_INFO = NO;
				MTL_FAST_MATH = YES;
				SDKROOT = iphoneos;
				SWIFT_COMPILATION_MODE = wholemodule;
				SWIFT_OPTIMIZATION_LEVEL = "-O";
				VALIDATE_PRODUCT = YES;
			};
			name = Release;
		};
		645DBBB525D6AD9900102515 /* Debug */ = {
			isa = XCBuildConfiguration;
			buildSettings = {
				ASSETCATALOG_COMPILER_APPICON_NAME = AppIcon;
				ASSETCATALOG_COMPILER_GLOBAL_ACCENT_COLOR_NAME = AccentColor;
				CODE_SIGN_STYLE = Automatic;
				DEVELOPMENT_ASSET_PATHS = "\"DesignedMenu/Preview Content\"";
				DEVELOPMENT_TEAM = 4F68JWF4H9;
				ENABLE_PREVIEWS = YES;
				INFOPLIST_FILE = DesignedMenu/Info.plist;
				LD_RUNPATH_SEARCH_PATHS = (
					"$(inherited)",
					"@executable_path/Frameworks",
				);
				PRODUCT_BUNDLE_IDENTIFIER = io.github.gw1ze.DesignedMenu;
				PRODUCT_NAME = "$(TARGET_NAME)";
				SWIFT_VERSION = 5.0;
				TARGETED_DEVICE_FAMILY = "1,2";
			};
			name = Debug;
		};
		645DBBB625D6AD9900102515 /* Release */ = {
			isa = XCBuildConfiguration;
			buildSettings = {
				ASSETCATALOG_COMPILER_APPICON_NAME = AppIcon;
				ASSETCATALOG_COMPILER_GLOBAL_ACCENT_COLOR_NAME = AccentColor;
				CODE_SIGN_STYLE = Automatic;
				DEVELOPMENT_ASSET_PATHS = "\"DesignedMenu/Preview Content\"";
				DEVELOPMENT_TEAM = 4F68JWF4H9;
				ENABLE_PREVIEWS = YES;
				INFOPLIST_FILE = DesignedMenu/Info.plist;
				LD_RUNPATH_SEARCH_PATHS = (
					"$(inherited)",
					"@executable_path/Frameworks",
				);
				PRODUCT_BUNDLE_IDENTIFIER = io.github.gw1ze.DesignedMenu;
				PRODUCT_NAME = "$(TARGET_NAME)";
				SWIFT_VERSION = 5.0;
				TARGETED_DEVICE_FAMILY = "1,2";
			};
			name = Release;
		};
/* End XCBuildConfiguration section */

/* Begin XCConfigurationList section */
		645DBB9B25D6AD9800102515 /* Build configuration list for PBXProject "DesignedMenu" */ = {
			isa = XCConfigurationList;
			buildConfigurations = (
				645DBBB225D6AD9900102515 /* Debug */,
				645DBBB325D6AD9900102515 /* Release */,
			);
			defaultConfigurationIsVisible = 0;
			defaultConfigurationName = Release;
		};
		645DBBB425D6AD9900102515 /* Build configuration list for PBXNativeTarget "DesignedMenu" */ = {
			isa = XCConfigurationList;
			buildConfigurations = (
				645DBBB525D6AD9900102515 /* Debug */,
				645DBBB625D6AD9900102515 /* Release */,
			);
			defaultConfigurationIsVisible = 0;
			defaultConfigurationName = Release;
		};
/* End XCConfigurationList section */
	};
	rootObject = 645DBB9825D6AD9800102515 /* Project object */;
}
